---
- name: Add an OIDC block to Authelia configuration
  tags: ["authelia", "oidc"]
  become: true
  ansible.builtin.blockinfile:
    state: present
    insertafter: "    clients:"
    dest: "{{ base_directory }}/authelia/config/configuration.yml"
    marker: "      # {mark} {{ authelia_oidc_service_name | upper }} CONFIGURATION"
    content: |2
            - id: {{ authelia_oidc_client_id }}
              description: {{ authelia_oidc_service_name }}
              secret: '{{ authelia_oidc_digest }}'
              public: false
              authorization_policy: two_factor
              redirect_uris:
      {% for uri in authelia_oidc_redirect_uris %}
                - {{ uri }}
      {% endfor %}
              scopes:
      {% for scope in authelia_oidc_scopes %}
                - {{ scope }}
      {% else %}
              userinfo_signing_algorithm: none
  notify: Restart authelia
